
Microsoft Visual Studio Solution File, Format Version 12.00
# Visual Studio 15
VisualStudioVersion = 15.0.28307.1340
MinimumVisualStudioVersion = 10.0.40219.1
Project("{FAE04EC0-301F-11D3-BF4B-00C04F79EFBC}") = "MyCSharpClass", "MyCSharpClass\MyCSharpClass.csproj", "{3817A321-9D1C-4E05-BB16-D5AE5DDFA985}"
EndProject
Global
	GlobalSection(SolutionConfigurationPlatforms) = preSolution
		Debug|Any CPU = Debug|Any CPU
		Release|Any CPU = Release|Any CPU
	EndGlobalSection
	GlobalSection(ProjectConfigurationPlatforms) = postSolution
		{3817A321-9D1C-4E05-BB16-D5AE5DDFA985}.Debug|Any CPU.ActiveCfg = Debug|Any CPU
		{3817A321-9D1C-4E05-BB16-D5AE5DDFA985}.Debug|Any CPU.Build.0 = Debug|Any CPU
		{3817A321-9D1C-4E05-BB16-D5AE5DDFA985}.Release|Any CPU.ActiveCfg = Release|Any CPU
		{3817A321-9D1C-4E05-BB16-D5AE5DDFA985}.Release|Any CPU.Build.0 = Release|Any CPU
	EndGlobalSection
	GlobalSection(SolutionProperties) = preSolution
		HideSolutionNode = FALSE
	EndGlobalSection
	GlobalSection(ExtensibilityGlobals) = postSolution
		SolutionGuid = {5DBF9E3D-B912-4EB8-9478-F471EE6210EA}
	EndGlobalSection
EndGlobal
